{
    "_meta": {
        "hash": {
            "sha256": "131df7c4eef667c17df7ef30e754ae8666a027e123be8cefa9853e7eefe087d3"
        },
        "pipfile-spec": 6,
        "requires": {
            "python_version": "3.9.7"
        },
        "sources": [
            {
                "name": "pypi",
                "url": "https://pypi.org/simple",
                "verify_ssl": true
            }
        ]
    },
    "default": {
        "anki": {
            "hashes": [
                "sha256:0f1dbcaf89a7584e6ebef848a7abad6f008f4be882d634bc245a0e2bddfc18c6",
                "sha256:97dcb8b5442fa84165d4a5956679da1539f7de91c64001df7417d9443f75776c",
                "sha256:acef9b5d81aceefc346bf51e1e4aa38973758a6b6d260b4b72d7d13ddef89135",
                "sha256:b14fc4ae487510a19e61f4d8832330e1137a81f88bf23d0fff919ab7d419668d",
                "sha256:fd0174655fccbc893541ec3cb09ef8da8425420066e22e27fa22a7b0fbb11913"
            ],
            "index": "pypi",
            "version": "==2.1.50"
        },
        "aqt": {
            "hashes": [
                "sha256:5b2d10e940dbc82c584bb9cb5657ad70a9bdfebb70bc82f4b1f90052184d6355"
            ],
            "index": "pypi",
            "version": "==2.1.50"
        },
        "attrs": {
            "hashes": [
                "sha256:29adc2665447e5191d0e7c568fde78b21f9672d344281d0c6e1ab085429b22b6",
                "sha256:86efa402f67bf2df34f51a335487cf46b1ec130d02b8d39fd248abfd30da551c"
            ],
            "markers": "python_version >= '3.5'",
            "version": "==22.1.0"
        },
        "beautifulsoup4": {
            "hashes": [
                "sha256:58d5c3d29f5a36ffeb94f02f0d786cd53014cf9b3b3951d42e0080d8a9498d30",
                "sha256:ad9aa55b65ef2808eb405f46cf74df7fcb7044d5cbc26487f96eb2ef2e436693"
            ],
            "markers": "python_full_version >= '3.6.0'",
            "version": "==4.11.1"
        },
        "certifi": {
            "hashes": [
                "sha256:0d9c601124e5a6ba9712dbc60d9c53c21e34f5f641fe83002317394311bdce14",
                "sha256:90c1a32f1d68f940488354e36370f6cca89f0f106db09518524c88d6ed83f382"
            ],
            "markers": "python_version >= '3.6'",
            "version": "==2022.9.24"
        },
        "charset-normalizer": {
            "hashes": [
                "sha256:5a3d016c7c547f69d6f81fb0db9449ce888b418b5b9952cc5e6e66843e9dd845",
                "sha256:83e9a75d1911279afd89352c68b45348559d1fc0506b054b346651b5e7fee29f"
            ],
            "markers": "python_full_version >= '3.6.0'",
            "version": "==2.1.1"
        },
        "click": {
            "hashes": [
                "sha256:7682dc8afb30297001674575ea00d1814d808d6a36af415a82bd481d37ba7b8e",
                "sha256:bb4d8133cb15a609f44e8213d9b391b0809795062913b383c62be0ee95b1db48"
            ],
            "markers": "python_version >= '3.7'",
            "version": "==8.1.3"
        },
        "decorator": {
            "hashes": [
                "sha256:637996211036b6385ef91435e4fae22989472f9d571faba8927ba8253acbc330",
                "sha256:b8c3f85900b9dc423225913c5aace94729fe1fa9763b38939a95226f02d37186"
            ],
            "markers": "python_version >= '3.5'",
            "version": "==5.1.1"
        },
        "flask": {
            "hashes": [
                "sha256:642c450d19c4ad482f96729bd2a8f6d32554aa1e231f4f6b4e7e5264b16cca2b",
                "sha256:b9c46cc36662a7949f34b52d8ec7bb59c0d74ba08ba6cb9ce9adc1d8676d9526"
            ],
            "markers": "python_version >= '3.7'",
            "version": "==2.2.2"
        },
        "flask-cors": {
            "hashes": [
                "sha256:74efc975af1194fc7891ff5cd85b0f7478be4f7f59fe158102e91abb72bb4438",
                "sha256:b60839393f3b84a0f3746f6cdca56c1ad7426aa738b70d6c61375857823181de"
            ],
            "version": "==3.0.10"
        },
        "idna": {
            "hashes": [
                "sha256:814f528e8dead7d329833b91c5faa87d60bf71824cd12a7530b5526063d02cb4",
                "sha256:90b77e79eaa3eba6de819a0c442c0b4ceefc341a7a2ab77d7562bf49f425c5c2"
            ],
            "markers": "python_version >= '3.5'",
            "version": "==3.4"
        },
        "importlib-metadata": {
            "hashes": [
                "sha256:d5059f9f1e8e41f80e9c56c2ee58811450c31984dfa625329ffd7c0dad88a73b",
                "sha256:d84d17e21670ec07990e1044a99efe8d615d860fd176fc29ef5c306068fda313"
            ],
            "markers": "python_version < '3.10'",
            "version": "==5.1.0"
        },
        "itsdangerous": {
            "hashes": [
                "sha256:2c2349112351b88699d8d4b6b075022c0808887cb7ad10069318a8b0bc88db44",
                "sha256:5dbbc68b317e5e42f327f9021763545dc3fc3bfe22e6deb96aaf1fc38874156a"
            ],
            "markers": "python_version >= '3.7'",
            "version": "==2.1.2"
        },
        "jinja2": {
            "hashes": [
                "sha256:31351a702a408a9e7595a8fc6150fc3f43bb6bf7e319770cbc0db9df9437e852",
                "sha256:6088930bfe239f0e6710546ab9c19c9ef35e29792895fed6e6e31a023a182a61"
            ],
            "markers": "python_version >= '3.7'",
            "version": "==3.1.2"
        },
        "jsonschema": {
            "hashes": [
                "sha256:0f864437ab8b6076ba6707453ef8f98a6a0d512a80e93f8abdb676f737ecb60d",
                "sha256:a870ad254da1a8ca84b6a2905cac29d265f805acc57af304784962a2aa6508f6"
            ],
            "markers": "python_version >= '3.7'",
            "version": "==4.17.3"
        },
        "markdown": {
            "hashes": [
                "sha256:08fb8465cffd03d10b9dd34a5c3fea908e20391a2a90b88d66362cb05beed186",
                "sha256:3b809086bb6efad416156e00a0da66fe47618a5d6918dd688f53f40c8e4cfeff"
            ],
            "markers": "python_version >= '3.7'",
            "version": "==3.4.1"
        },
        "markupsafe": {
            "hashes": [
                "sha256:0212a68688482dc52b2d45013df70d169f542b7394fc744c02a57374a4207003",
                "sha256:089cf3dbf0cd6c100f02945abeb18484bd1ee57a079aefd52cffd17fba910b88",
                "sha256:10c1bfff05d95783da83491be968e8fe789263689c02724e0c691933c52994f5",
                "sha256:33b74d289bd2f5e527beadcaa3f401e0df0a89927c1559c8566c066fa4248ab7",
                "sha256:3799351e2336dc91ea70b034983ee71cf2f9533cdff7c14c90ea126bfd95d65a",
                "sha256:3ce11ee3f23f79dbd06fb3d63e2f6af7b12db1d46932fe7bd8afa259a5996603",
                "sha256:421be9fbf0ffe9ffd7a378aafebbf6f4602d564d34be190fc19a193232fd12b1",
                "sha256:43093fb83d8343aac0b1baa75516da6092f58f41200907ef92448ecab8825135",
                "sha256:46d00d6cfecdde84d40e572d63735ef81423ad31184100411e6e3388d405e247",
                "sha256:4a33dea2b688b3190ee12bd7cfa29d39c9ed176bda40bfa11099a3ce5d3a7ac6",
                "sha256:4b9fe39a2ccc108a4accc2676e77da025ce383c108593d65cc909add5c3bd601",
                "sha256:56442863ed2b06d19c37f94d999035e15ee982988920e12a5b4ba29b62ad1f77",
                "sha256:671cd1187ed5e62818414afe79ed29da836dde67166a9fac6d435873c44fdd02",
                "sha256:694deca8d702d5db21ec83983ce0bb4b26a578e71fbdbd4fdcd387daa90e4d5e",
                "sha256:6a074d34ee7a5ce3effbc526b7083ec9731bb3cbf921bbe1d3005d4d2bdb3a63",
                "sha256:6d0072fea50feec76a4c418096652f2c3238eaa014b2f94aeb1d56a66b41403f",
                "sha256:6fbf47b5d3728c6aea2abb0589b5d30459e369baa772e0f37a0320185e87c980",
                "sha256:7f91197cc9e48f989d12e4e6fbc46495c446636dfc81b9ccf50bb0ec74b91d4b",
                "sha256:86b1f75c4e7c2ac2ccdaec2b9022845dbb81880ca318bb7a0a01fbf7813e3812",
                "sha256:8dc1c72a69aa7e082593c4a203dcf94ddb74bb5c8a731e4e1eb68d031e8498ff",
                "sha256:8e3dcf21f367459434c18e71b2a9532d96547aef8a871872a5bd69a715c15f96",
                "sha256:8e576a51ad59e4bfaac456023a78f6b5e6e7651dcd383bcc3e18d06f9b55d6d1",
                "sha256:96e37a3dc86e80bf81758c152fe66dbf60ed5eca3d26305edf01892257049925",
                "sha256:97a68e6ada378df82bc9f16b800ab77cbf4b2fada0081794318520138c088e4a",
                "sha256:99a2a507ed3ac881b975a2976d59f38c19386d128e7a9a18b7df6fff1fd4c1d6",
                "sha256:a49907dd8420c5685cfa064a1335b6754b74541bbb3706c259c02ed65b644b3e",
                "sha256:b09bf97215625a311f669476f44b8b318b075847b49316d3e28c08e41a7a573f",
                "sha256:b7bd98b796e2b6553da7225aeb61f447f80a1ca64f41d83612e6139ca5213aa4",
                "sha256:b87db4360013327109564f0e591bd2a3b318547bcef31b468a92ee504d07ae4f",
                "sha256:bcb3ed405ed3222f9904899563d6fc492ff75cce56cba05e32eff40e6acbeaa3",
                "sha256:d4306c36ca495956b6d568d276ac11fdd9c30a36f1b6eb928070dc5360b22e1c",
                "sha256:d5ee4f386140395a2c818d149221149c54849dfcfcb9f1debfe07a8b8bd63f9a",
                "sha256:dda30ba7e87fbbb7eab1ec9f58678558fd9a6b8b853530e176eabd064da81417",
                "sha256:e04e26803c9c3851c931eac40c695602c6295b8d432cbe78609649ad9bd2da8a",
                "sha256:e1c0b87e09fa55a220f058d1d49d3fb8df88fbfab58558f1198e08c1e1de842a",
                "sha256:e72591e9ecd94d7feb70c1cbd7be7b3ebea3f548870aa91e2732960fa4d57a37",
                "sha256:e8c843bbcda3a2f1e3c2ab25913c80a3c5376cd00c6e8c4a86a89a28c8dc5452",
                "sha256:efc1913fd2ca4f334418481c7e595c00aad186563bbc1ec76067848c7ca0a933",
                "sha256:f121a1420d4e173a5d96e47e9a0c0dcff965afdf1626d28de1460815f7c4ee7a",
                "sha256:fc7b548b17d238737688817ab67deebb30e8073c95749d55538ed473130ec0c7"
            ],
            "markers": "python_version >= '3.7'",
            "version": "==2.1.1"
        },
        "orjson": {
            "hashes": [
                "sha256:0379ad4c0246281f136a93ed357e342f24070c7055f00aeff9a69c2352e38d10",
                "sha256:0459893746dc80dbfb262a24c08fdba2a737d44d26691e85f27b2223cac8075f",
                "sha256:068febdc7e10655a68a381d2db714d0a90ce46dc81519a4962521a0af07697fb",
                "sha256:194aef99db88b450b0005406f259ad07df545e6c9632f2a64c04986a0faf2c68",
                "sha256:3497dde5c99dd616554f0dcb694b955a2dc3eb920fe36b150f88ce53e3be2a46",
                "sha256:37196a7f2219508c6d944d7d5ea0000a226818787dadbbed309bfa6174f0402b",
                "sha256:3e9e54ff8c9253d7f01ebc5836a1308d0ebe8e5c2edee620867a49556a158484",
                "sha256:4b0c13e05da5bc1a6b2e1d3b117cc669e2267ce0a131e94845056d506ef041c6",
                "sha256:4b587ec06ab7dd4fb5acf50af98314487b7d56d6e1a7f05d49d8367e0e0b23bc",
                "sha256:4cd0bb7e843ceba759e4d4cc2ca9243d1a878dac42cdcfc2295883fbd5bd2400",
                "sha256:4fff44ca121329d62e48582850a247a487e968cfccd5527fab20bd5b650b78c3",
                "sha256:52540572c349179e2a7b6a7b98d6e9320e0333533af809359a95f7b57a61c506",
                "sha256:54f3ef512876199d7dacd348a0fc53392c6be15bdf857b2d67fa1b089d561b98",
                "sha256:65ea3336c2bda31bc938785b84283118dec52eb90a2946b140054873946f60a4",
                "sha256:6bf425bba42a8cee49d611ddd50b7fea9e87787e77bf90b2cb9742293f319480",
                "sha256:75de90c34db99c42ee7608ff88320442d3ce17c258203139b5a8b0afb4a9b43b",
                "sha256:78d69020fa9cf28b363d2494e5f1f10210e8fecf49bf4a767fcffcce7b9d7f58",
                "sha256:7f0ec0ca4e81492569057199e042607090ba48289c4f59f29bbc219282b8dc60",
                "sha256:83891e9c3a172841f63cae75ff9ce78f12e4c2c5161baec7af725b1d71d4de21",
                "sha256:8fe6188ea2a1165280b4ff5fab92753b2007665804e8214be3d00d0b83b5764e",
                "sha256:94bd4295fadea984b6284dc55f7d1ea828240057f3b6a1d8ec3fe4d1ea596964",
                "sha256:961bc1dcbc3a89b52e8979194b3043e7d28ffc979187e46ad23efa8ada612d04",
                "sha256:989bf5980fc8aca43a9d0a50ea0a0eee81257e812aaceb1e9c0dbd0856fc5230",
                "sha256:a30503ee24fc3c59f768501d7a7ded5119a631c79033929a5035a4c91901eac7",
                "sha256:aa57fe8b32750a64c816840444ec4d1e4310630ecd9d1d7b3db4b45d248b5585",
                "sha256:b7018494a7a11bcd04da1173c3a38fa5a866f905c138326504552231824ac9c1",
                "sha256:b70782258c73913eb6542c04b6556c841247eb92eeace5db2ee2e1d4cb6ffaa5",
                "sha256:ca61e6c5a86efb49b790c8e331ff05db6d5ed773dfc9b58667ea3b260971cfb2",
                "sha256:cbdfbd49d58cbaabfa88fcdf9e4f09487acca3d17f144648668ea6ae06cc3183",
                "sha256:cf3dad7dbf65f78fefca0eb385d606844ea58a64fe908883a32768dfaee0b952",
                "sha256:d30d427a1a731157206ddb1e95620925298e4c7c3f93838f53bd19f6069be244",
                "sha256:d46241e63df2d39f4b7d44e2ff2becfb6646052b963afb1a99f4ef8c2a31aba0",
                "sha256:d5870ced447a9fbeb5aeb90f362d9106b80a32f729a57b59c64684dbc9175e92",
                "sha256:d746da1260bbe7cb06200813cc40482fb1b0595c4c09c3afffe34cfc408d0a4a",
                "sha256:dbd74d2d3d0b7ac8ca968c3be51d4cfbecec65c6d6f55dabe95e975c234d0338",
                "sha256:dc29ff612030f3c2e8d7c0bc6c74d18b76dde3726230d892524735498f29f4b2",
                "sha256:e570fdfa09b84cc7c42a3a6dd22dbd2177cb5f3798feefc430066b260886acae",
                "sha256:eda1534a5289168614f21422861cbfb1abb8a82d66c00a8ba823d863c0797178",
                "sha256:ef3b4c7931989eb973fbbcc38accf7711d607a2b0ed84817341878ec8effb9c5",
                "sha256:f06ef273d8d4101948ebc4262a485737bcfd440fb83dd4b125d3e5f4226117bc",
                "sha256:f1612e08b8254d359f9b72c4a4099d46cdc0f58b574da48472625a0e80222b6e",
                "sha256:f8ff793a3188c21e646219dc5e2c60a74dde25c26de3075f4c2e33cf25835340",
                "sha256:faf44a709f54cf490a27ccb0fb1cb5a99005c36ff7cb127d222306bf84f5493f",
                "sha256:ff96c61127550ae25caab325e1f4a4fba2740ca77f8e81640f1b8b575e95f784"
            ],
            "markers": "python_version >= '3.7'",
            "version": "==3.8.3"
        },
        "protobuf": {
            "hashes": [
                "sha256:0413addc126c40a5440ee59be098de1007183d68e9f5f20ed5fbc44848f417ca",
                "sha256:05cbcb9a25cd781fd949f93f6f98a911883868c0360c6d2264fc99a903c8f0d7",
                "sha256:0c968753028cb14b1d24cc839723f7e9505b305fc588a37a9e0f7d270cb59d89",
                "sha256:2a172741b5b041a896b621cef4277077afd571e0d3a6e524e7171f1c70e33200",
                "sha256:3f08f04b4f101dd469efbcc1731fbf48068eccd8a42f4e2ea530aa012a5f56f8",
                "sha256:4d97c16c0d11155b3714a29245461f0eb60cace294455077f3a3b8a629afa383",
                "sha256:5096b3922b45e4b7a04d3d3cb855d13bb5ccd4d5e44b129e706232ebf0ffb870",
                "sha256:5efa8a8162ada7e10847140308fbf84fdc5b89dc21655d12ec04aed87284fe07",
                "sha256:6b809f20923b6ef49dc1755cb50bdb21be179b4a3c7ffcab1fe5d3f139b58a51",
                "sha256:81b233a06c62387ea5c9be2cd9aedd2ba09940e91da53b920e9ff5bd98e48e7f",
                "sha256:a5e89eabaa0ca72ce1b7c8104a740d44cdb67942cbbed00c69a4c0541de17107",
                "sha256:b78d7c2c36b51c0041b9bf000be4adb09f4112bfc40bc7a9d48ac0b0dfad139e",
                "sha256:e53165dd14d19abc7f50733f365de431e51d1d262db40c0ee22e271a074fac59",
                "sha256:e92768d17473657c87e98b79a4c7724b0ddfa23211b05ce137bfdc55e734e36f"
            ],
            "markers": "python_version >= '3.7'",
            "version": "==4.21.10"
        },
        "pyqt6": {
            "hashes": [
                "sha256:115f809810c236af90352b4df4a9dfc79cbd05b7c0200c05886c8b3035c2847b",
                "sha256:8cc6e21dbaf7047d1fc897e396ccd9710a12f2ef976563dad65f06017d2c9757",
                "sha256:c87c909eeafc44ea911a94490d55055058f51a27ec5ca0e439a9feb943a73fd1",
                "sha256:f7ad13b44959b72c8d40fa1856470015fab3368983dd2c1c781d4061c45d96b3"
            ],
            "index": "pypi",
            "version": "==6.3.1"
        },
        "pyqt6-qt6": {
            "hashes": [
                "sha256:0de4aebdc469c61a36d43b868f4b45d89bb94aaf13779ed5c0080da4b416997c",
                "sha256:31a4557fed53e96feedae46624e420bafd261c0c01d92a1a1aad2c1646144f56",
                "sha256:791e9f0115bdc9ff22bf807b573393f2b9f7e2d1f07fc2d8351350ca141ebaf1",
                "sha256:b47087932f10cc39dab63cd0d2d23d7e3e204547c5e6559adfe58d665fa8ee4f"
            ],
            "version": "==6.4.1"
        },
        "pyqt6-sip": {
            "hashes": [
                "sha256:2694ae67811cefb6ea3ee0e9995755b45e4952f4dcadec8c04300fd828f91c75",
                "sha256:3486914137f5336cff6e10a5e9d52c1e60ff883473938b45f267f794daeacb2f",
                "sha256:3ac7e0800180202dcc0c7035ff88c2a6f4a0f5acb20c4a19f71d807d0f7857b7",
                "sha256:3de18c4a32f717a351d560a39f528af24077f5135aacfa8890a2f2d79f0633da",
                "sha256:6d87a3ee5872d7511b76957d68a32109352caf3b7a42a01d9ee20032b350d979",
                "sha256:77af9c7e3f50414ec5af9b1534aaf2ba25115ae65aa5ed735111c8ef0884b862",
                "sha256:802b0cfed19900183220c46895c2635f0dd062f2d275a25506423f911ef74db4",
                "sha256:83b446d247a92d119d507dbc94fc1f47389d8118a5b6232a2859951157319a30",
                "sha256:9c5231536e6153071b22175e46e368045fd08d772a90d772a0977d1166c7822c",
                "sha256:9e03c780846fd5d71c06e33322fd11a05713d9cd410e3571d069ac9a84077647",
                "sha256:bb4f2e2fdcf3a8dafe4256750bbedd9e7107c4fd8afa9c25be28423c36bb12b8",
                "sha256:cfdcd43e123bd55c155cfe7a33895033e6d25de90a48ed9c25a0ddd0196a810e",
                "sha256:d51704d50b82713fd7c928b7deb31e17be239ddac74fc2fd708e52bd21ecea3a",
                "sha256:de601187055d684b36ebe6e800a5deacaa55b69d71ad43312b76422cfeae0e12",
                "sha256:e3b17308ca729bcb6d25c01144c6b2e17d40812231c3ef9caaa72a78db2b1069",
                "sha256:fd2df2a9479b8ac858117bd55dc0ec0bd1ce6c8f3486b0cc5e860c0540a8bba0"
            ],
            "markers": "python_version >= '3.7'",
            "version": "==13.4.0"
        },
        "pyqt6-webengine": {
            "hashes": [
                "sha256:096651b305f1b8baa9a91895a64d41f7cd8628e7b2f33d5a30cddabd6f8e9c7b",
                "sha256:24d159dc0f0e006b153bb4c853157ea03a84e12066ddec4b48142cf9f85c764b",
                "sha256:9ceaf7925c01700a5f7d8b3f22824add8d69a01445ba463198e79242b227af20",
                "sha256:c3d1f5527b4b15f44102d617c59b1d74d9af50f821629e9335f13df47de8f007"
            ],
            "index": "pypi",
            "version": "==6.3.1"
        },
        "pyqt6-webengine-qt6": {
            "hashes": [
                "sha256:5635198dca1527a80065234a15b7c19c2e8047bf78918b79d198c30ff9eaad72",
                "sha256:574d2e9f3e3590cbd8598edee40cb00578dc2680a0e772444a919c4df5eff988",
                "sha256:5a2d94715cbc5bd29ef13a34194cb4a15181b68bce1084dd346b3577994c2d0b",
                "sha256:92dca41a789699a0a17836e2e0aeaccb2aab26324e6cbb55f77a279fd6f32621"
            ],
            "version": "==6.4.1"
        },
        "pyrsistent": {
            "hashes": [
                "sha256:055ab45d5911d7cae397dc418808d8802fb95262751872c841c170b0dbf51eed",
                "sha256:111156137b2e71f3a9936baf27cb322e8024dac3dc54ec7fb9f0bcf3249e68bb",
                "sha256:187d5730b0507d9285a96fca9716310d572e5464cadd19f22b63a6976254d77a",
                "sha256:21455e2b16000440e896ab99e8304617151981ed40c29e9507ef1c2e4314ee95",
                "sha256:2aede922a488861de0ad00c7630a6e2d57e8023e4be72d9d7147a9fcd2d30712",
                "sha256:3ba4134a3ff0fc7ad225b6b457d1309f4698108fb6b35532d015dca8f5abed73",
                "sha256:456cb30ca8bff00596519f2c53e42c245c09e1a4543945703acd4312949bfd41",
                "sha256:71d332b0320642b3261e9fee47ab9e65872c2bd90260e5d225dabeed93cbd42b",
                "sha256:879b4c2f4d41585c42df4d7654ddffff1239dc4065bc88b745f0341828b83e78",
                "sha256:9cd3e9978d12b5d99cbdc727a3022da0430ad007dacf33d0bf554b96427f33ab",
                "sha256:a178209e2df710e3f142cbd05313ba0c5ebed0a55d78d9945ac7a4e09d923308",
                "sha256:b39725209e06759217d1ac5fcdb510e98670af9e37223985f330b611f62e7425",
                "sha256:bfa0351be89c9fcbcb8c9879b826f4353be10f58f8a677efab0c017bf7137ec2",
                "sha256:bfd880614c6237243ff53a0539f1cb26987a6dc8ac6e66e0c5a40617296a045e",
                "sha256:c43bec251bbd10e3cb58ced80609c5c1eb238da9ca78b964aea410fb820d00d6",
                "sha256:d690b18ac4b3e3cab73b0b7aa7dbe65978a172ff94970ff98d82f2031f8971c2",
                "sha256:d6982b5a0237e1b7d876b60265564648a69b14017f3b5f908c5be2de3f9abb7a",
                "sha256:dec3eac7549869365fe263831f576c8457f6c833937c68542d08fde73457d291",
                "sha256:e371b844cec09d8dc424d940e54bba8f67a03ebea20ff7b7b0d56f526c71d584",
                "sha256:e5d8f84d81e3729c3b506657dddfe46e8ba9c330bf1858ee33108f8bb2adb38a",
                "sha256:ea6b79a02a28550c98b6ca9c35b9f492beaa54d7c5c9e9949555893c8a9234d0",
                "sha256:f1258f4e6c42ad0b20f9cfcc3ada5bd6b83374516cd01c0960e3cb75fdca6770"
            ],
            "markers": "python_version >= '3.7'",
            "version": "==0.19.2"
        },
        "pysocks": {
            "hashes": [
                "sha256:08e69f092cc6dbe92a0fdd16eeb9b9ffbc13cadfe5ca4c7bd92ffb078b293299",
                "sha256:2725bd0a9925919b9b51739eea5f9e2bae91e83288108a9ad338b2e3a4435ee5",
                "sha256:3f8804571ebe159c380ac6de37643bb4685970655d3bba243530d6558b799aa0"
            ],
            "version": "==1.7.1"
        },
        "requests": {
            "extras": [
                "socks"
            ],
            "hashes": [
                "sha256:7c5599b102feddaa661c826c56ab4fee28bfd17f5abca1ebbe3e7f19d7c97983",
                "sha256:8fefa2a1a1365bf5520aac41836fbee479da67864514bdb821f31ce07ce65349"
            ],
            "markers": "python_version >= '3.7' and python_version < '4'",
            "version": "==2.28.1"
        },
        "send2trash": {
            "hashes": [
                "sha256:d2c24762fd3759860a0aff155e45871447ea58d2be6bdd39b5c8f966a0c99c2d",
                "sha256:f20eaadfdb517eaca5ce077640cb261c7d2698385a6a0f072a4a5447fd49fa08"
            ],
            "version": "==1.8.0"
        },
        "six": {
            "hashes": [
                "sha256:1e61c37477a1626458e36f7b1d82aa5c9b094fa4802892072e49de9c60c4c926",
                "sha256:8abb2f1d86890a2dfb989f9a77cfcfd3e47c2a354b01111771326f8aa26e0254"
            ],
            "markers": "python_version >= '2.7' and python_version not in '3.0, 3.1, 3.2, 3.3'",
            "version": "==1.16.0"
        },
        "soupsieve": {
            "hashes": [
                "sha256:3b2503d3c7084a42b1ebd08116e5f81aadfaea95863628c80a3b774a11b7c759",
                "sha256:fc53893b3da2c33de295667a0e19f078c14bf86544af307354de5fcf12a3f30d"
            ],
            "markers": "python_version >= '3.6'",
            "version": "==2.3.2.post1"
        },
        "urllib3": {
            "hashes": [
                "sha256:47cc05d99aaa09c9e72ed5809b60e7ba354e64b59c9c173ac3018642d8bb41fc",
                "sha256:c083dd0dce68dbfbe1129d5271cb90f9447dea7d52097c6e0126120c521ddea8"
            ],
            "markers": "python_version >= '2.7' and python_version not in '3.0, 3.1, 3.2, 3.3, 3.4, 3.5'",
            "version": "==1.26.13"
        },
        "waitress": {
            "hashes": [
                "sha256:7500c9625927c8ec60f54377d590f67b30c8e70ef4b8894214ac6e4cad233d2a",
                "sha256:780a4082c5fbc0fde6a2fcfe5e26e6efc1e8f425730863c04085769781f51eba"
            ],
            "markers": "python_full_version >= '3.7.0'",
            "version": "==2.1.2"
        },
        "werkzeug": {
            "hashes": [
                "sha256:7ea2d48322cc7c0f8b3a215ed73eabd7b5d75d0b50e31ab006286ccff9e00b8f",
                "sha256:f979ab81f58d7318e064e99c4506445d60135ac5cd2e177a2de0089bfd4c9bd5"
            ],
            "markers": "python_version >= '3.7'",
            "version": "==2.2.2"
        },
        "zipp": {
            "hashes": [
                "sha256:83a28fcb75844b5c0cdaf5aa4003c2d728c77e05f5aeabe8e95e56727005fbaa",
                "sha256:a7a22e05929290a67401440b39690ae6563279bced5f314609d9d03798f56766"
            ],
            "markers": "python_version >= '3.7'",
            "version": "==3.11.0"
        }
    },
    "develop": {
        "mypy": {
            "hashes": [
                "sha256:0714258640194d75677e86c786e80ccf294972cc76885d3ebbb560f11db0003d",
                "sha256:0c8f3be99e8a8bd403caa8c03be619544bc2c77a7093685dcf308c6b109426c6",
                "sha256:0cca5adf694af539aeaa6ac633a7afe9bbd760df9d31be55ab780b77ab5ae8bf",
                "sha256:1c8cd4fb70e8584ca1ed5805cbc7c017a3d1a29fb450621089ffed3e99d1857f",
                "sha256:1f7d1a520373e2272b10796c3ff721ea1a0712288cafaa95931e66aa15798813",
                "sha256:209ee89fbb0deed518605edddd234af80506aec932ad28d73c08f1400ef80a33",
                "sha256:26efb2fcc6b67e4d5a55561f39176821d2adf88f2745ddc72751b7890f3194ad",
                "sha256:37bd02ebf9d10e05b00d71302d2c2e6ca333e6c2a8584a98c00e038db8121f05",
                "sha256:3a700330b567114b673cf8ee7388e949f843b356a73b5ab22dd7cff4742a5297",
                "sha256:3c0165ba8f354a6d9881809ef29f1a9318a236a6d81c690094c5df32107bde06",
                "sha256:3d80e36b7d7a9259b740be6d8d906221789b0d836201af4234093cae89ced0cd",
                "sha256:4175593dc25d9da12f7de8de873a33f9b2b8bdb4e827a7cae952e5b1a342e243",
                "sha256:4307270436fd7694b41f913eb09210faff27ea4979ecbcd849e57d2da2f65305",
                "sha256:5e80e758243b97b618cdf22004beb09e8a2de1af481382e4d84bc52152d1c476",
                "sha256:641411733b127c3e0dab94c45af15fea99e4468f99ac88b39efb1ad677da5711",
                "sha256:652b651d42f155033a1967739788c436491b577b6a44e4c39fb340d0ee7f0d70",
                "sha256:6d7464bac72a85cb3491c7e92b5b62f3dcccb8af26826257760a552a5e244aa5",
                "sha256:74e259b5c19f70d35fcc1ad3d56499065c601dfe94ff67ae48b85596b9ec1461",
                "sha256:7d17e0a9707d0772f4a7b878f04b4fd11f6f5bcb9b3813975a9b13c9332153ab",
                "sha256:901c2c269c616e6cb0998b33d4adbb4a6af0ac4ce5cd078afd7bc95830e62c1c",
                "sha256:98e781cd35c0acf33eb0295e8b9c55cdbef64fcb35f6d3aa2186f289bed6e80d",
                "sha256:a12c56bf73cdab116df96e4ff39610b92a348cc99a1307e1da3c3768bbb5b135",
                "sha256:ac6e503823143464538efda0e8e356d871557ef60ccd38f8824a4257acc18d93",
                "sha256:b8472f736a5bfb159a5e36740847808f6f5b659960115ff29c7cecec1741c648",
                "sha256:b86ce2c1866a748c0f6faca5232059f881cda6dda2a893b9a8373353cfe3715a",
                "sha256:bc9ec663ed6c8f15f4ae9d3c04c989b744436c16d26580eaa760ae9dd5d662eb",
                "sha256:c9166b3f81a10cdf9b49f2d594b21b31adadb3d5e9db9b834866c3258b695be3",
                "sha256:d13674f3fb73805ba0c45eb6c0c3053d218aa1f7abead6e446d474529aafc372",
                "sha256:de32edc9b0a7e67c2775e574cb061a537660e51210fbf6006b0b36ea695ae9bb",
                "sha256:e62ebaad93be3ad1a828a11e90f0e76f15449371ffeecca4a0a0b9adc99abcef"
            ],
            "index": "pypi",
            "version": "==0.991"
        },
        "mypy-extensions": {
            "hashes": [
                "sha256:090fedd75945a69ae91ce1303b5824f428daf5a028d2f6ab8a299250a846f15d",
                "sha256:2d82818f5bb3e369420cb3c4060a7970edba416647068eb4c5343488a6c604a8"
            ],
            "version": "==0.4.3"
        },
        "tomli": {
            "hashes": [
                "sha256:939de3e7a6161af0c887ef91b7d41a53e7c5a1ca976325f429cb46ea9bc30ecc",
                "sha256:de526c12914f0c550d15924c62d72abc48d6fe7364aa87328337a31007fe8a4f"
            ],
            "markers": "python_version < '3.11'",
            "version": "==2.0.1"
        },
        "types-beautifulsoup4": {
            "hashes": [
                "sha256:c1f803367a2b07ad4fdac40ddbea557010dc4ddd1ee92d801f317eb02e2e3c72",
                "sha256:d46be8f409ddccb6daaa9d118484185e70bcf552085c39c6d05b157cd1462e04"
            ],
            "index": "pypi",
            "version": "==4.11.6.1"
        },
        "typing-extensions": {
            "hashes": [
                "sha256:1511434bb92bf8dd198c12b1cc812e800d4181cfcb867674e0f8279cc93087aa",
                "sha256:16fa4864408f655d35ec496218b85f79b3437c829e93320c7c9215ccfd92489e"
            ],
            "markers": "python_version >= '3.7'",
            "version": "==4.4.0"
        }
    }
}
